
Microsoft Visual Studio Solution File, Format Version 12.00
# Visual Studio Version 16
VisualStudioVersion = 16.0.29102.190
MinimumVisualStudioVersion = 10.0.40219.1
Project("{9A19103F-16F7-4668-BE54-9A1E7A4F7556}") = "Website", "Website\Website.csproj", "{4F6A8D9D-7D5E-4292-9ECC-5A0F337E12E5}"
EndProject
Project("{9A19103F-16F7-4668-BE54-9A1E7A4F7556}") = "MakC.Data", "MakC.Data\MakC.Data.csproj", "{A0ADEF1C-FC17-4498-B0CA-A38AF221759B}"
EndProject
Project("{9A19103F-16F7-4668-BE54-9A1E7A4F7556}") = "MakC.Common", "MakC.Common\MakC.Common.csproj", "{15E21F00-6E55-47DD-8E27-3FEFE26B9E87}"
EndProject
Global
	GlobalSection(SolutionConfigurationPlatforms) = preSolution
		Debug|Any CPU = Debug|Any CPU
		Release|Any CPU = Release|Any CPU
	EndGlobalSection
	GlobalSection(ProjectConfigurationPlatforms) = postSolution
		{4F6A8D9D-7D5E-4292-9ECC-5A0F337E12E5}.Debug|Any CPU.ActiveCfg = Debug|Any CPU
		{4F6A8D9D-7D5E-4292-9ECC-5A0F337E12E5}.Debug|Any CPU.Build.0 = Debug|Any CPU
		{4F6A8D9D-7D5E-4292-9ECC-5A0F337E12E5}.Release|Any CPU.ActiveCfg = Release|Any CPU
		{4F6A8D9D-7D5E-4292-9ECC-5A0F337E12E5}.Release|Any CPU.Build.0 = Release|Any CPU
		{A0ADEF1C-FC17-4498-B0CA-A38AF221759B}.Debug|Any CPU.ActiveCfg = Debug|Any CPU
		{A0ADEF1C-FC17-4498-B0CA-A38AF221759B}.Debug|Any CPU.Build.0 = Debug|Any CPU
		{A0ADEF1C-FC17-4498-B0CA-A38AF221759B}.Release|Any CPU.ActiveCfg = Release|Any CPU
		{A0ADEF1C-FC17-4498-B0CA-A38AF221759B}.Release|Any CPU.Build.0 = Release|Any CPU
		{15E21F00-6E55-47DD-8E27-3FEFE26B9E87}.Debug|Any CPU.ActiveCfg = Debug|Any CPU
		{15E21F00-6E55-47DD-8E27-3FEFE26B9E87}.Debug|Any CPU.Build.0 = Debug|Any CPU
		{15E21F00-6E55-47DD-8E27-3FEFE26B9E87}.Release|Any CPU.ActiveCfg = Release|Any CPU
		{15E21F00-6E55-47DD-8E27-3FEFE26B9E87}.Release|Any CPU.Build.0 = Release|Any CPU
	EndGlobalSection
	GlobalSection(SolutionProperties) = preSolution
		HideSolutionNode = FALSE
	EndGlobalSection
	GlobalSection(ExtensibilityGlobals) = postSolution
		SolutionGuid = {8096118A-8C54-409F-8F53-79CA4665DB56}
	EndGlobalSection
EndGlobal
